#MicroXplorer Configuration settings - do not modify
Mcu.Family=STM32WB
ProjectManager.MainLocation=Core/Src
PCC.Ble.Mode=NOT_SELECTED
PA6.Mode=Full_Duplex_Master
RCC.PLLQoutputFreq_Value=16000000
ProjectManager.ProjectFileName=V1.0.ioc
PA7.Mode=Full_Duplex_Master
ProjectManager.KeepUserCode=true
PA10.Mode=Asynchronous
Mcu.UserName=STM32WB30CEUxA
Mcu.PinsNb=13
SPI1.VirtualType=VM_MASTER
ProjectManager.NoMain=false
SPI1.IPParameters=VirtualType,Mode,Direction,CalculateBaudRate
RCC.RFWKPFreq_Value=244.140625
ProjectManager.functionlistsort=1-SystemClock_Config-RCC-false-HAL-false
ProjectManager.DefaultFWLocation=true
ProjectManager.DeletePrevious=true
USART1.IPParameters=VirtualMode-Asynchronous
PinOutPanel.RotationAngle=0
RCC.FamilyName=M
ProjectManager.StackSize=0x400
USART1.VirtualMode-Asynchronous=VM_ASYNC
PA13.Signal=SYS_JTMS-SWDIO
Mcu.IP4=SYS
Mcu.IP5=USART1
NVIC.SVCall_IRQn=true\:0\:0\:false\:false\:true\:false\:false
Mcu.IP2=RCC
Mcu.IP3=SPI1
Mcu.IP0=I2C1
Mcu.IP1=NVIC
PA9.Mode=Asynchronous
PA15.Locked=true
Mcu.UserConstants=
ProjectManager.TargetToolchain=STM32CubeIDE
Mcu.ThirdPartyNb=0
SPI1.Direction=SPI_DIRECTION_2LINES
Mcu.IPNb=6
RCC.HCLKRFFreq_Value=16000000
ProjectManager.PreviousToolchain=
PB9.Mode=I2C
PCC.Ble.PowerLevel=Min
PA9.Signal=USART1_TX
SPI1.CalculateBaudRate=2.0 MBits/s
Mcu.Pin6=PA10
Mcu.Pin7=PA13
ProjectManager.RegisterCallBack=
Mcu.Pin8=PA14
Mcu.Pin9=PA15
RCC.LSE_VALUE=32768
PA1.Signal=SPI1_SCK
Mcu.Pin0=PB8
Mcu.Pin1=PB9
Mcu.Pin2=PA1
Mcu.Pin3=PA6
Mcu.Pin4=PA7
Mcu.Pin5=PA9
ProjectManager.ProjectBuild=false
RCC.HSE_VALUE=8000000
NVIC.UsageFault_IRQn=true\:0\:0\:false\:false\:true\:false\:false
NVIC.DebugMonitor_IRQn=true\:0\:0\:false\:false\:true\:false\:false
PB3.Mode=JTAG_5_pins
board=custom
RCC.VCOOutputFreq_Value=32000000
PA15.Mode=JTAG_5_pins
NVIC.SysTick_IRQn=true\:0\:0\:false\:false\:true\:false\:true
ProjectManager.LastFirmware=true
ProjectManager.FirmwarePackage=STM32Cube FW_WB V1.11.0
MxDb.Version=DB.6.0.20
PA1.Mode=Full_Duplex_Master
PB4.Mode=JTAG_5_pins
ProjectManager.BackupPrevious=false
MxCube.Version=6.2.0
RCC.VCOInputFreq_Value=4000000
PCC.Ble.DataLength=6
SPI1.Mode=SPI_MODE_MASTER
PA14.Mode=JTAG_5_pins
RCC.RNGFreq_Value=32000
RCC.ADCFreq_Value=4000000
File.Version=6
VP_SYS_VS_Systick.Mode=SysTick
NVIC.NonMaskableInt_IRQn=true\:0\:0\:false\:false\:true\:false\:false
RCC.PLLRCLKFreq_Value=16000000
NVIC.PendSV_IRQn=true\:0\:0\:false\:false\:true\:false\:false
PA13.Mode=JTAG_5_pins
ProjectManager.FreePins=false
RCC.IPParameters=ADCFreq_Value,APB3Freq_Value,FamilyName,HCLKRFFreq_Value,HSE_VALUE,HSI48_VALUE,HSI_VALUE,LSCOPinFreq_Value,LSE_VALUE,LSI_VALUE,PLLPoutputFreq_Value,PLLQoutputFreq_Value,PLLRCLKFreq_Value,RFWKPFreq_Value,RNGFreq_Value,VCOInputFreq_Value,VCOOutputFreq_Value
ProjectManager.AskForMigrate=true
Mcu.Name=STM32WB30CEUxA
ProjectManager.HalAssertFull=false
ProjectManager.ProjectName=V1.0
ProjectManager.UnderRoot=true
RCC.APB3Freq_Value=16000000
ProjectManager.CoupleFile=false
PB4.Locked=true
PB3.Signal=SYS_JTDO-SWO
Mcu.Package=UFQFPN48
PB9.Signal=I2C1_SDA
PA6.Signal=SPI1_MISO
PCC.Ble.ConnectionInterval=1000.0
NVIC.ForceEnableDMAVector=true
KeepUserPlacement=false
NVIC.MemoryManagement_IRQn=true\:0\:0\:false\:false\:true\:false\:false
PA14.Locked=true
PA13.Locked=true
ProjectManager.CompilerOptimize=6
ProjectManager.ToolChainLocation=
RCC.LSI_VALUE=32000
VP_SYS_VS_Systick.Signal=SYS_VS_Systick
RCC.LSCOPinFreq_Value=32000
PA10.Signal=USART1_RX
PA14.Signal=SYS_JTCK-SWCLK
PA15.Signal=SYS_JTDI
ProjectManager.HeapSize=0x200
NVIC.HardFault_IRQn=true\:0\:0\:false\:false\:true\:false\:false
ProjectManager.ComputerToolchain=false
RCC.HSI_VALUE=16000000
NVIC.PriorityGroup=NVIC_PRIORITYGROUP_4
Mcu.Pin11=PB4
Mcu.Pin12=VP_SYS_VS_Systick
PB8.Mode=I2C
RCC.PLLPoutputFreq_Value=16000000
Mcu.Pin10=PB3
PB8.Signal=I2C1_SCL
NVIC.BusFault_IRQn=true\:0\:0\:false\:false\:true\:false\:false
ProjectManager.CustomerFirmwarePackage=
ProjectManager.DeviceId=STM32WB30CEUxA
ProjectManager.LibraryCopy=1
RCC.HSI48_VALUE=48000000
PB4.Signal=SYS_JTRST
PB3.Locked=true
PA7.Signal=SPI1_MOSI
isbadioc=false
